// !$*UTF8*$!
{
	archiveVersion = 1;
	classes = {
	};
	objectVersion = 46;
	objects = {

/* Begin PBXBuildFile section */
		6DBA657118FAA3590053B25F /* encontrado.mp3 in Resources */ = {isa = PBXBuildFile; fileRef = 6DBA657018FAA3590053B25F /* encontrado.mp3 */; };
		6DF81E2918F9D0F200511DAF /* Foundation.framework in Frameworks */ = {isa = PBXBuildFile; fileRef = 6DF81E2818F9D0F200511DAF /* Foundation.framework */; };
		6DF81E2B18F9D0F200511DAF /* CoreGraphics.framework in Frameworks */ = {isa = PBXBuildFile; fileRef = 6DF81E2A18F9D0F200511DAF /* CoreGraphics.framework */; };
		6DF81E2D18F9D0F200511DAF /* UIKit.framework in Frameworks */ = {isa = PBXBuildFile; fileRef = 6DF81E2C18F9D0F200511DAF /* UIKit.framework */; };
		6DF81E3318F9D0F200511DAF /* InfoPlist.strings in Resources */ = {isa = PBXBuildFile; fileRef = 6DF81E3118F9D0F200511DAF /* InfoPlist.strings */; };
		6DF81E3518F9D0F200511DAF /* main.m in Sources */ = {isa = PBXBuildFile; fileRef = 6DF81E3418F9D0F200511DAF /* main.m */; };
		6DF81E3918F9D0F200511DAF /* AppDelegate.m in Sources */ = {isa = PBXBuildFile; fileRef = 6DF81E3818F9D0F200511DAF /* AppDelegate.m */; };
		6DF81E3C18F9D0F200511DAF /* Main.storyboard in Resources */ = {isa = PBXBuildFile; fileRef = 6DF81E3A18F9D0F200511DAF /* Main.storyboard */; };
		6DF81E3F18F9D0F200511DAF /* ViewController.m in Sources */ = {isa = PBXBuildFile; fileRef = 6DF81E3E18F9D0F200511DAF /* ViewController.m */; };
		6DF81E4118F9D0F200511DAF /* Images.xcassets in Resources */ = {isa = PBXBuildFile; fileRef = 6DF81E4018F9D0F200511DAF /* Images.xcassets */; };
		6DF81E4818F9D0F200511DAF /* XCTest.framework in Frameworks */ = {isa = PBXBuildFile; fileRef = 6DF81E4718F9D0F200511DAF /* XCTest.framework */; };
		6DF81E4918F9D0F200511DAF /* Foundation.framework in Frameworks */ = {isa = PBXBuildFile; fileRef = 6DF81E2818F9D0F200511DAF /* Foundation.framework */; };
		6DF81E4A18F9D0F200511DAF /* UIKit.framework in Frameworks */ = {isa = PBXBuildFile; fileRef = 6DF81E2C18F9D0F200511DAF /* UIKit.framework */; };
		6DF81E5218F9D0F200511DAF /* InfoPlist.strings in Resources */ = {isa = PBXBuildFile; fileRef = 6DF81E5018F9D0F200511DAF /* InfoPlist.strings */; };
		6DF81E5418F9D0F200511DAF /* SpaceAppIphoneTests.m in Sources */ = {isa = PBXBuildFile; fileRef = 6DF81E5318F9D0F200511DAF /* SpaceAppIphoneTests.m */; };
		6DF81E5F18F9D5A600511DAF /* AVCamPreviewView.m in Sources */ = {isa = PBXBuildFile; fileRef = 6DF81E5E18F9D5A600511DAF /* AVCamPreviewView.m */; };
		6DF81E6118F9DFDB00511DAF /* Parse.framework in Frameworks */ = {isa = PBXBuildFile; fileRef = 6DF81E6018F9DFDB00511DAF /* Parse.framework */; };
		6DF81E6618F9EA8800511DAF /* AudioToolbox.framework in Frameworks */ = {isa = PBXBuildFile; fileRef = 6DF81E6518F9EA8800511DAF /* AudioToolbox.framework */; };
		6DF81E6818F9EA9100511DAF /* CFNetwork.framework in Frameworks */ = {isa = PBXBuildFile; fileRef = 6DF81E6718F9EA9100511DAF /* CFNetwork.framework */; };
		6DF81E6A18F9EA9C00511DAF /* CoreLocation.framework in Frameworks */ = {isa = PBXBuildFile; fileRef = 6DF81E6918F9EA9C00511DAF /* CoreLocation.framework */; };
		6DF81E6C18F9EAA600511DAF /* libz.dylib in Frameworks */ = {isa = PBXBuildFile; fileRef = 6DF81E6B18F9EAA600511DAF /* libz.dylib */; };
		6DF81E6E18F9EAAD00511DAF /* MobileCoreServices.framework in Frameworks */ = {isa = PBXBuildFile; fileRef = 6DF81E6D18F9EAAD00511DAF /* MobileCoreServices.framework */; };
		6DF81E7018F9EAB400511DAF /* QuartzCore.framework in Frameworks */ = {isa = PBXBuildFile; fileRef = 6DF81E6F18F9EAB400511DAF /* QuartzCore.framework */; };
		6DF81E7218F9EABB00511DAF /* Security.framework in Frameworks */ = {isa = PBXBuildFile; fileRef = 6DF81E7118F9EABB00511DAF /* Security.framework */; };
		6DF81E7418F9EAC300511DAF /* StoreKit.framework in Frameworks */ = {isa = PBXBuildFile; fileRef = 6DF81E7318F9EAC300511DAF /* StoreKit.framework */; };
		6DF81E7618F9EAD400511DAF /* SystemConfiguration.framework in Frameworks */ = {isa = PBXBuildFile; fileRef = 6DF81E7518F9EAD400511DAF /* SystemConfiguration.framework */; };
/* End PBXBuildFile section */

/* Begin PBXContainerItemProxy section */
		6DF81E4B18F9D0F200511DAF /* PBXContainerItemProxy */ = {
			isa = PBXContainerItemProxy;
			containerPortal = 6DF81E1D18F9D0F200511DAF /* Project object */;
			proxyType = 1;
			remoteGlobalIDString = 6DF81E2418F9D0F200511DAF;
			remoteInfo = SpaceAppIphone;
		};
/* End PBXContainerItemProxy section */

/* Begin PBXFileReference section */
		6DBA657018FAA3590053B25F /* encontrado.mp3 */ = {isa = PBXFileReference; lastKnownFileType = audio.mp3; path = encontrado.mp3; sourceTree = "<group>"; };
		6DF81E2518F9D0F200511DAF /* SpaceAppIphone.app */ = {isa = PBXFileReference; explicitFileType = wrapper.application; includeInIndex = 0; path = SpaceAppIphone.app; sourceTree = BUILT_PRODUCTS_DIR; };
		6DF81E2818F9D0F200511DAF /* Foundation.framework */ = {isa = PBXFileReference; lastKnownFileType = wrapper.framework; name = Foundation.framework; path = System/Library/Frameworks/Foundation.framework; sourceTree = SDKROOT; };
		6DF81E2A18F9D0F200511DAF /* CoreGraphics.framework */ = {isa = PBXFileReference; lastKnownFileType = wrapper.framework; name = CoreGraphics.framework; path = System/Library/Frameworks/CoreGraphics.framework; sourceTree = SDKROOT; };
		6DF81E2C18F9D0F200511DAF /* UIKit.framework */ = {isa = PBXFileReference; lastKnownFileType = wrapper.framework; name = UIKit.framework; path = System/Library/Frameworks/UIKit.framework; sourceTree = SDKROOT; };
		6DF81E3018F9D0F200511DAF /* SpaceAppIphone-Info.plist */ = {isa = PBXFileReference; lastKnownFileType = text.plist.xml; path = "SpaceAppIphone-Info.plist"; sourceTree = "<group>"; };
		6DF81E3218F9D0F200511DAF /* en */ = {isa = PBXFileReference; lastKnownFileType = text.plist.strings; name = en; path = en.lproj/InfoPlist.strings; sourceTree = "<group>"; };
		6DF81E3418F9D0F200511DAF /* main.m */ = {isa = PBXFileReference; lastKnownFileType = sourcecode.c.objc; path = main.m; sourceTree = "<group>"; };
		6DF81E3618F9D0F200511DAF /* SpaceAppIphone-Prefix.pch */ = {isa = PBXFileReference; lastKnownFileType = sourcecode.c.h; path = "SpaceAppIphone-Prefix.pch"; sourceTree = "<group>"; };
		6DF81E3718F9D0F200511DAF /* AppDelegate.h */ = {isa = PBXFileReference; lastKnownFileType = sourcecode.c.h; path = AppDelegate.h; sourceTree = "<group>"; };
		6DF81E3818F9D0F200511DAF /* AppDelegate.m */ = {isa = PBXFileReference; lastKnownFileType = sourcecode.c.objc; path = AppDelegate.m; sourceTree = "<group>"; };
		6DF81E3B18F9D0F200511DAF /* Base */ = {isa = PBXFileReference; lastKnownFileType = file.storyboard; name = Base; path = Base.lproj/Main.storyboard; sourceTree = "<group>"; };
		6DF81E3D18F9D0F200511DAF /* ViewController.h */ = {isa = PBXFileReference; lastKnownFileType = sourcecode.c.h; path = ViewController.h; sourceTree = "<group>"; };
		6DF81E3E18F9D0F200511DAF /* ViewController.m */ = {isa = PBXFileReference; lastKnownFileType = sourcecode.c.objc; path = ViewController.m; sourceTree = "<group>"; };
		6DF81E4018F9D0F200511DAF /* Images.xcassets */ = {isa = PBXFileReference; lastKnownFileType = folder.assetcatalog; path = Images.xcassets; sourceTree = "<group>"; };
		6DF81E4618F9D0F200511DAF /* SpaceAppIphoneTests.xctest */ = {isa = PBXFileReference; explicitFileType = wrapper.cfbundle; includeInIndex = 0; path = SpaceAppIphoneTests.xctest; sourceTree = BUILT_PRODUCTS_DIR; };
		6DF81E4718F9D0F200511DAF /* XCTest.framework */ = {isa = PBXFileReference; lastKnownFileType = wrapper.framework; name = XCTest.framework; path = Library/Frameworks/XCTest.framework; sourceTree = DEVELOPER_DIR; };
		6DF81E4F18F9D0F200511DAF /* SpaceAppIphoneTests-Info.plist */ = {isa = PBXFileReference; lastKnownFileType = text.plist.xml; path = "SpaceAppIphoneTests-Info.plist"; sourceTree = "<group>"; };
		6DF81E5118F9D0F200511DAF /* en */ = {isa = PBXFileReference; lastKnownFileType = text.plist.strings; name = en; path = en.lproj/InfoPlist.strings; sourceTree = "<group>"; };
		6DF81E5318F9D0F200511DAF /* SpaceAppIphoneTests.m */ = {isa = PBXFileReference; lastKnownFileType = sourcecode.c.objc; path = SpaceAppIphoneTests.m; sourceTree = "<group>"; };
		6DF81E5D18F9D5A600511DAF /* AVCamPreviewView.h */ = {isa = PBXFileReference; fileEncoding = 4; lastKnownFileType = sourcecode.c.h; path = AVCamPreviewView.h; sourceTree = "<group>"; };
		6DF81E5E18F9D5A600511DAF /* AVCamPreviewView.m */ = {isa = PBXFileReference; fileEncoding = 4; lastKnownFileType = sourcecode.c.objc; path = AVCamPreviewView.m; sourceTree = "<group>"; };
		6DF81E6018F9DFDB00511DAF /* Parse.framework */ = {isa = PBXFileReference; lastKnownFileType = wrapper.framework; path = Parse.framework; sourceTree = "<group>"; };
		6DF81E6518F9EA8800511DAF /* AudioToolbox.framework */ = {isa = PBXFileReference; lastKnownFileType = wrapper.framework; name = AudioToolbox.framework; path = System/Library/Frameworks/AudioToolbox.framework; sourceTree = SDKROOT; };
		6DF81E6718F9EA9100511DAF /* CFNetwork.framework */ = {isa = PBXFileReference; lastKnownFileType = wrapper.framework; name = CFNetwork.framework; path = System/Library/Frameworks/CFNetwork.framework; sourceTree = SDKROOT; };
		6DF81E6918F9EA9C00511DAF /* CoreLocation.framework */ = {isa = PBXFileReference; lastKnownFileType = wrapper.framework; name = CoreLocation.framework; path = System/Library/Frameworks/CoreLocation.framework; sourceTree = SDKROOT; };
		6DF81E6B18F9EAA600511DAF /* libz.dylib */ = {isa = PBXFileReference; lastKnownFileType = "compiled.mach-o.dylib"; name = libz.dylib; path = usr/lib/libz.dylib; sourceTree = SDKROOT; };
		6DF81E6D18F9EAAD00511DAF /* MobileCoreServices.framework */ = {isa = PBXFileReference; lastKnownFileType = wrapper.framework; name = MobileCoreServices.framework; path = System/Library/Frameworks/MobileCoreServices.framework; sourceTree = SDKROOT; };
		6DF81E6F18F9EAB400511DAF /* QuartzCore.framework */ = {isa = PBXFileReference; lastKnownFileType = wrapper.framework; name = QuartzCore.framework; path = System/Library/Frameworks/QuartzCore.framework; sourceTree = SDKROOT; };
		6DF81E7118F9EABB00511DAF /* Security.framework */ = {isa = PBXFileReference; lastKnownFileType = wrapper.framework; name = Security.framework; path = System/Library/Frameworks/Security.framework; sourceTree = SDKROOT; };
		6DF81E7318F9EAC300511DAF /* StoreKit.framework */ = {isa = PBXFileReference; lastKnownFileType = wrapper.framework; name = StoreKit.framework; path = System/Library/Frameworks/StoreKit.framework; sourceTree = SDKROOT; };
		6DF81E7518F9EAD400511DAF /* SystemConfiguration.framework */ = {isa = PBXFileReference; lastKnownFileType = wrapper.framework; name = SystemConfiguration.framework; path = System/Library/Frameworks/SystemConfiguration.framework; sourceTree = SDKROOT; };
/* End PBXFileReference section */

/* Begin PBXFrameworksBuildPhase section */
		6DF81E2218F9D0F200511DAF /* Frameworks */ = {
			isa = PBXFrameworksBuildPhase;
			buildActionMask = 2147483647;
			files = (
				6DF81E7618F9EAD400511DAF /* SystemConfiguration.framework in Frameworks */,
				6DF81E7418F9EAC300511DAF /* StoreKit.framework in Frameworks */,
				6DF81E7218F9EABB00511DAF /* Security.framework in Frameworks */,
				6DF81E7018F9EAB400511DAF /* QuartzCore.framework in Frameworks */,
				6DF81E6E18F9EAAD00511DAF /* MobileCoreServices.framework in Frameworks */,
				6DF81E6C18F9EAA600511DAF /* libz.dylib in Frameworks */,
				6DF81E6A18F9EA9C00511DAF /* CoreLocation.framework in Frameworks */,
				6DF81E6818F9EA9100511DAF /* CFNetwork.framework in Frameworks */,
				6DF81E6618F9EA8800511DAF /* AudioToolbox.framework in Frameworks */,
				6DF81E2B18F9D0F200511DAF /* CoreGraphics.framework in Frameworks */,
				6DF81E2D18F9D0F200511DAF /* UIKit.framework in Frameworks */,
				6DF81E6118F9DFDB00511DAF /* Parse.framework in Frameworks */,
				6DF81E2918F9D0F200511DAF /* Foundation.framework in Frameworks */,
			);
			runOnlyForDeploymentPostprocessing = 0;
		};
		6DF81E4318F9D0F200511DAF /* Frameworks */ = {
			isa = PBXFrameworksBuildPhase;
			buildActionMask = 2147483647;
			files = (
				6DF81E4818F9D0F200511DAF /* XCTest.framework in Frameworks */,
				6DF81E4A18F9D0F200511DAF /* UIKit.framework in Frameworks */,
				6DF81E4918F9D0F200511DAF /* Foundation.framework in Frameworks */,
			);
			runOnlyForDeploymentPostprocessing = 0;
		};
/* End PBXFrameworksBuildPhase section */

/* Begin PBXGroup section */
		6DF81E1C18F9D0F200511DAF = {
			isa = PBXGroup;
			children = (
				6DF81E2E18F9D0F200511DAF /* SpaceAppIphone */,
				6DF81E4D18F9D0F200511DAF /* SpaceAppIphoneTests */,
				6DF81E2718F9D0F200511DAF /* Frameworks */,
				6DF81E2618F9D0F200511DAF /* Products */,
			);
			sourceTree = "<group>";
		};
		6DF81E2618F9D0F200511DAF /* Products */ = {
			isa = PBXGroup;
			children = (
				6DF81E2518F9D0F200511DAF /* SpaceAppIphone.app */,
				6DF81E4618F9D0F200511DAF /* SpaceAppIphoneTests.xctest */,
			);
			name = Products;
			sourceTree = "<group>";
		};
		6DF81E2718F9D0F200511DAF /* Frameworks */ = {
			isa = PBXGroup;
			children = (
				6DF81E7518F9EAD400511DAF /* SystemConfiguration.framework */,
				6DF81E7318F9EAC300511DAF /* StoreKit.framework */,
				6DF81E7118F9EABB00511DAF /* Security.framework */,
				6DF81E6F18F9EAB400511DAF /* QuartzCore.framework */,
				6DF81E6D18F9EAAD00511DAF /* MobileCoreServices.framework */,
				6DF81E6B18F9EAA600511DAF /* libz.dylib */,
				6DF81E6918F9EA9C00511DAF /* CoreLocation.framework */,
				6DF81E6718F9EA9100511DAF /* CFNetwork.framework */,
				6DF81E6518F9EA8800511DAF /* AudioToolbox.framework */,
				6DF81E6018F9DFDB00511DAF /* Parse.framework */,
				6DF81E2818F9D0F200511DAF /* Foundation.framework */,
				6DF81E2A18F9D0F200511DAF /* CoreGraphics.framework */,
				6DF81E2C18F9D0F200511DAF /* UIKit.framework */,
				6DF81E4718F9D0F200511DAF /* XCTest.framework */,
			);
			name = Frameworks;
			sourceTree = "<group>";
		};
		6DF81E2E18F9D0F200511DAF /* SpaceAppIphone */ = {
			isa = PBXGroup;
			children = (
				6DBA657018FAA3590053B25F /* encontrado.mp3 */,
				6DF81E3718F9D0F200511DAF /* AppDelegate.h */,
				6DF81E3818F9D0F200511DAF /* AppDelegate.m */,
				6DF81E3A18F9D0F200511DAF /* Main.storyboard */,
				6DF81E3D18F9D0F200511DAF /* ViewController.h */,
				6DF81E3E18F9D0F200511DAF /* ViewController.m */,
				6DF81E4018F9D0F200511DAF /* Images.xcassets */,
				6DF81E2F18F9D0F200511DAF /* Supporting Files */,
				6DF81E5D18F9D5A600511DAF /* AVCamPreviewView.h */,
				6DF81E5E18F9D5A600511DAF /* AVCamPreviewView.m */,
			);
			path = SpaceAppIphone;
			sourceTree = "<group>";
		};
		6DF81E2F18F9D0F200511DAF /* Supporting Files */ = {
			isa = PBXGroup;
			children = (
				6DF81E3018F9D0F200511DAF /* SpaceAppIphone-Info.plist */,
				6DF81E3118F9D0F200511DAF /* InfoPlist.strings */,
				6DF81E3418F9D0F200511DAF /* main.m */,
				6DF81E3618F9D0F200511DAF /* SpaceAppIphone-Prefix.pch */,
			);
			name = "Supporting Files";
			sourceTree = "<group>";
		};
		6DF81E4D18F9D0F200511DAF /* SpaceAppIphoneTests */ = {
			isa = PBXGroup;
			children = (
				6DF81E5318F9D0F200511DAF /* SpaceAppIphoneTests.m */,
				6DF81E4E18F9D0F200511DAF /* Supporting Files */,
			);
			path = SpaceAppIphoneTests;
			sourceTree = "<group>";
		};
		6DF81E4E18F9D0F200511DAF /* Supporting Files */ = {
			isa = PBXGroup;
			children = (
				6DF81E4F18F9D0F200511DAF /* SpaceAppIphoneTests-Info.plist */,
				6DF81E5018F9D0F200511DAF /* InfoPlist.strings */,
			);
			name = "Supporting Files";
			sourceTree = "<group>";
		};
/* End PBXGroup section */

/* Begin PBXNativeTarget section */
		6DF81E2418F9D0F200511DAF /* SpaceAppIphone */ = {
			isa = PBXNativeTarget;
			buildConfigurationList = 6DF81E5718F9D0F200511DAF /* Build configuration list for PBXNativeTarget "SpaceAppIphone" */;
			buildPhases = (
				6DF81E2118F9D0F200511DAF /* Sources */,
				6DF81E2218F9D0F200511DAF /* Frameworks */,
				6DF81E2318F9D0F200511DAF /* Resources */,
			);
			buildRules = (
			);
			dependencies = (
			);
			name = SpaceAppIphone;
			productName = SpaceAppIphone;
			productReference = 6DF81E2518F9D0F200511DAF /* SpaceAppIphone.app */;
			productType = "com.apple.product-type.application";
		};
		6DF81E4518F9D0F200511DAF /* SpaceAppIphoneTests */ = {
			isa = PBXNativeTarget;
			buildConfigurationList = 6DF81E5A18F9D0F200511DAF /* Build configuration list for PBXNativeTarget "SpaceAppIphoneTests" */;
			buildPhases = (
				6DF81E4218F9D0F200511DAF /* Sources */,
				6DF81E4318F9D0F200511DAF /* Frameworks */,
				6DF81E4418F9D0F200511DAF /* Resources */,
			);
			buildRules = (
			);
			dependencies = (
				6DF81E4C18F9D0F200511DAF /* PBXTargetDependency */,
			);
			name = SpaceAppIphoneTests;
			productName = SpaceAppIphoneTests;
			productReference = 6DF81E4618F9D0F200511DAF /* SpaceAppIphoneTests.xctest */;
			productType = "com.apple.product-type.bundle.unit-test";
		};
/* End PBXNativeTarget section */

/* Begin PBXProject section */
		6DF81E1D18F9D0F200511DAF /* Project object */ = {
			isa = PBXProject;
			attributes = {
				LastUpgradeCheck = 0510;
				ORGANIZATIONNAME = "Luis Fernando Bustos Ramírez";
				TargetAttributes = {
					6DF81E4518F9D0F200511DAF = {
						TestTargetID = 6DF81E2418F9D0F200511DAF;
					};
				};
			};
			buildConfigurationList = 6DF81E2018F9D0F200511DAF /* Build configuration list for PBXProject "SpaceAppIphone" */;
			compatibilityVersion = "Xcode 3.2";
			developmentRegion = English;
			hasScannedForEncodings = 0;
			knownRegions = (
				en,
				Base,
			);
			mainGroup = 6DF81E1C18F9D0F200511DAF;
			productRefGroup = 6DF81E2618F9D0F200511DAF /* Products */;
			projectDirPath = "";
			projectRoot = "";
			targets = (
				6DF81E2418F9D0F200511DAF /* SpaceAppIphone */,
				6DF81E4518F9D0F200511DAF /* SpaceAppIphoneTests */,
			);
		};
/* End PBXProject section */

/* Begin PBXResourcesBuildPhase section */
		6DF81E2318F9D0F200511DAF /* Resources */ = {
			isa = PBXResourcesBuildPhase;
			buildActionMask = 2147483647;
			files = (
				6DF81E4118F9D0F200511DAF /* Images.xcassets in Resources */,
				6DBA657118FAA3590053B25F /* encontrado.mp3 in Resources */,
				6DF81E3318F9D0F200511DAF /* InfoPlist.strings in Resources */,
				6DF81E3C18F9D0F200511DAF /* Main.storyboard in Resources */,
			);
			runOnlyForDeploymentPostprocessing = 0;
		};
		6DF81E4418F9D0F200511DAF /* Resources */ = {
			isa = PBXResourcesBuildPhase;
			buildActionMask = 2147483647;
			files = (
				6DF81E5218F9D0F200511DAF /* InfoPlist.strings in Resources */,
			);
			runOnlyForDeploymentPostprocessing = 0;
		};
/* End PBXResourcesBuildPhase section */

/* Begin PBXSourcesBuildPhase section */
		6DF81E2118F9D0F200511DAF /* Sources */ = {
			isa = PBXSourcesBuildPhase;
			buildActionMask = 2147483647;
			files = (
				6DF81E3F18F9D0F200511DAF /* ViewController.m in Sources */,
				6DF81E3918F9D0F200511DAF /* AppDelegate.m in Sources */,
				6DF81E5F18F9D5A600511DAF /* AVCamPreviewView.m in Sources */,
				6DF81E3518F9D0F200511DAF /* main.m in Sources */,
			);
			runOnlyForDeploymentPostprocessing = 0;
		};
		6DF81E4218F9D0F200511DAF /* Sources */ = {
			isa = PBXSourcesBuildPhase;
			buildActionMask = 2147483647;
			files = (
				6DF81E5418F9D0F200511DAF /* SpaceAppIphoneTests.m in Sources */,
			);
			runOnlyForDeploymentPostprocessing = 0;
		};
/* End PBXSourcesBuildPhase section */

/* Begin PBXTargetDependency section */
		6DF81E4C18F9D0F200511DAF /* PBXTargetDependency */ = {
			isa = PBXTargetDependency;
			target = 6DF81E2418F9D0F200511DAF /* SpaceAppIphone */;
			targetProxy = 6DF81E4B18F9D0F200511DAF /* PBXContainerItemProxy */;
		};
/* End PBXTargetDependency section */

/* Begin PBXVariantGroup section */
		6DF81E3118F9D0F200511DAF /* InfoPlist.strings */ = {
			isa = PBXVariantGroup;
			children = (
				6DF81E3218F9D0F200511DAF /* en */,
			);
			name = InfoPlist.strings;
			sourceTree = "<group>";
		};
		6DF81E3A18F9D0F200511DAF /* Main.storyboard */ = {
			isa = PBXVariantGroup;
			children = (
				6DF81E3B18F9D0F200511DAF /* Base */,
			);
			name = Main.storyboard;
			sourceTree = "<group>";
		};
		6DF81E5018F9D0F200511DAF /* InfoPlist.strings */ = {
			isa = PBXVariantGroup;
			children = (
				6DF81E5118F9D0F200511DAF /* en */,
			);
			name = InfoPlist.strings;
			sourceTree = "<group>";
		};
/* End PBXVariantGroup section */

/* Begin XCBuildConfiguration section */
		6DF81E5518F9D0F200511DAF /* Debug */ = {
			isa = XCBuildConfiguration;
			buildSettings = {
				ALWAYS_SEARCH_USER_PATHS = NO;
				CLANG_CXX_LANGUAGE_STANDARD = "gnu++0x";
				CLANG_CXX_LIBRARY = "libc++";
				CLANG_ENABLE_MODULES = YES;
				CLANG_ENABLE_OBJC_ARC = YES;
				CLANG_WARN_BOOL_CONVERSION = YES;
				CLANG_WARN_CONSTANT_CONVERSION = YES;
				CLANG_WARN_DIRECT_OBJC_ISA_USAGE = YES_ERROR;
				CLANG_WARN_EMPTY_BODY = YES;
				CLANG_WARN_ENUM_CONVERSION = YES;
				CLANG_WARN_INT_CONVERSION = YES;
				CLANG_WARN_OBJC_ROOT_CLASS = YES_ERROR;
				CLANG_WARN__DUPLICATE_METHOD_MATCH = YES;
				"CODE_SIGN_IDENTITY[sdk=iphoneos*]" = "iPhone Developer";
				COPY_PHASE_STRIP = NO;
				GCC_C_LANGUAGE_STANDARD = gnu99;
				GCC_DYNAMIC_NO_PIC = NO;
				GCC_OPTIMIZATION_LEVEL = 0;
				GCC_PREPROCESSOR_DEFINITIONS = (
					"DEBUG=1",
					"$(inherited)",
				);
				GCC_SYMBOLS_PRIVATE_EXTERN = NO;
				GCC_WARN_64_TO_32_BIT_CONVERSION = YES;
				GCC_WARN_ABOUT_RETURN_TYPE = YES_ERROR;
				GCC_WARN_UNDECLARED_SELECTOR = YES;
				GCC_WARN_UNINITIALIZED_AUTOS = YES_AGGRESSIVE;
				GCC_WARN_UNUSED_FUNCTION = YES;
				GCC_WARN_UNUSED_VARIABLE = YES;
				IPHONEOS_DEPLOYMENT_TARGET = 7.1;
				ONLY_ACTIVE_ARCH = YES;
				SDKROOT = iphoneos;
			};
			name = Debug;
		};
		6DF81E5618F9D0F200511DAF /* Release */ = {
			isa = XCBuildConfiguration;
			buildSettings = {
				ALWAYS_SEARCH_USER_PATHS = NO;
				CLANG_CXX_LANGUAGE_STANDARD = "gnu++0x";
				CLANG_CXX_LIBRARY = "libc++";
				CLANG_ENABLE_MODULES = YES;
				CLANG_ENABLE_OBJC_ARC = YES;
				CLANG_WARN_BOOL_CONVERSION = YES;
				CLANG_WARN_CONSTANT_CONVERSION = YES;
				CLANG_WARN_DIRECT_OBJC_ISA_USAGE = YES_ERROR;
				CLANG_WARN_EMPTY_BODY = YES;
				CLANG_WARN_ENUM_CONVERSION = YES;
				CLANG_WARN_INT_CONVERSION = YES;
				CLANG_WARN_OBJC_ROOT_CLASS = YES_ERROR;
				CLANG_WARN__DUPLICATE_METHOD_MATCH = YES;
				"CODE_SIGN_IDENTITY[sdk=iphoneos*]" = "iPhone Developer";
				COPY_PHASE_STRIP = YES;
				ENABLE_NS_ASSERTIONS = NO;
				GCC_C_LANGUAGE_STANDARD = gnu99;
				GCC_WARN_64_TO_32_BIT_CONVERSION = YES;
				GCC_WARN_ABOUT_RETURN_TYPE = YES_ERROR;
				GCC_WARN_UNDECLARED_SELECTOR = YES;
				GCC_WARN_UNINITIALIZED_AUTOS = YES_AGGRESSIVE;
				GCC_WARN_UNUSED_FUNCTION = YES;
				GCC_WARN_UNUSED_VARIABLE = YES;
				IPHONEOS_DEPLOYMENT_TARGET = 7.1;
				SDKROOT = iphoneos;
				VALIDATE_PRODUCT = YES;
			};
			name = Release;
		};
		6DF81E5818F9D0F200511DAF /* Debug */ = {
			isa = XCBuildConfiguration;
			buildSettings = {
				ASSETCATALOG_COMPILER_APPICON_NAME = AppIcon;
				ASSETCATALOG_COMPILER_LAUNCHIMAGE_NAME = LaunchImage;
				FRAMEWORK_SEARCH_PATHS = (
					"$(inherited)",
					"$(PROJECT_DIR)",
				);
				GCC_PRECOMPILE_PREFIX_HEADER = YES;
				GCC_PREFIX_HEADER = "SpaceAppIphone/SpaceAppIphone-Prefix.pch";
				INFOPLIST_FILE = "SpaceAppIphone/SpaceAppIphone-Info.plist";
				IPHONEOS_DEPLOYMENT_TARGET = 7.0;
				PRODUCT_NAME = "$(TARGET_NAME)";
				TARGETED_DEVICE_FAMILY = 1;
				WRAPPER_EXTENSION = app;
			};
			name = Debug;
		};
		6DF81E5918F9D0F200511DAF /* Release */ = {
			isa = XCBuildConfiguration;
			buildSettings = {
				ASSETCATALOG_COMPILER_APPICON_NAME = AppIcon;
				ASSETCATALOG_COMPILER_LAUNCHIMAGE_NAME = LaunchImage;
				FRAMEWORK_SEARCH_PATHS = (
					"$(inherited)",
					"$(PROJECT_DIR)",
				);
				GCC_PRECOMPILE_PREFIX_HEADER = YES;
				GCC_PREFIX_HEADER = "SpaceAppIphone/SpaceAppIphone-Prefix.pch";
				INFOPLIST_FILE = "SpaceAppIphone/SpaceAppIphone-Info.plist";
				IPHONEOS_DEPLOYMENT_TARGET = 7.0;
				PRODUCT_NAME = "$(TARGET_NAME)";
				TARGETED_DEVICE_FAMILY = 1;
				WRAPPER_EXTENSION = app;
			};
			name = Release;
		};
		6DF81E5B18F9D0F200511DAF /* Debug */ = {
			isa = XCBuildConfiguration;
			buildSettings = {
				BUNDLE_LOADER = "$(BUILT_PRODUCTS_DIR)/SpaceAppIphone.app/SpaceAppIphone";
				FRAMEWORK_SEARCH_PATHS = (
					"$(SDKROOT)/Developer/Library/Frameworks",
					"$(inherited)",
					"$(DEVELOPER_FRAMEWORKS_DIR)",
				);
				GCC_PRECOMPILE_PREFIX_HEADER = YES;
				GCC_PREFIX_HEADER = "SpaceAppIphone/SpaceAppIphone-Prefix.pch";
				GCC_PREPROCESSOR_DEFINITIONS = (
					"DEBUG=1",
					"$(inherited)",
				);
				INFOPLIST_FILE = "SpaceAppIphoneTests/SpaceAppIphoneTests-Info.plist";
				PRODUCT_NAME = "$(TARGET_NAME)";
				TEST_HOST = "$(BUNDLE_LOADER)";
				WRAPPER_EXTENSION = xctest;
			};
			name = Debug;
		};
		6DF81E5C18F9D0F200511DAF /* Release */ = {
			isa = XCBuildConfiguration;
			buildSettings = {
				BUNDLE_LOADER = "$(BUILT_PRODUCTS_DIR)/SpaceAppIphone.app/SpaceAppIphone";
				FRAMEWORK_SEARCH_PATHS = (
					"$(SDKROOT)/Developer/Library/Frameworks",
					"$(inherited)",
					"$(DEVELOPER_FRAMEWORKS_DIR)",
				);
				GCC_PRECOMPILE_PREFIX_HEADER = YES;
				GCC_PREFIX_HEADER = "SpaceAppIphone/SpaceAppIphone-Prefix.pch";
				INFOPLIST_FILE = "SpaceAppIphoneTests/SpaceAppIphoneTests-Info.plist";
				PRODUCT_NAME = "$(TARGET_NAME)";
				TEST_HOST = "$(BUNDLE_LOADER)";
				WRAPPER_EXTENSION = xctest;
			};
			name = Release;
		};
/* End XCBuildConfiguration section */

/* Begin XCConfigurationList section */
		6DF81E2018F9D0F200511DAF /* Build configuration list for PBXProject "SpaceAppIphone" */ = {
			isa = XCConfigurationList;
			buildConfigurations = (
				6DF81E5518F9D0F200511DAF /* Debug */,
				6DF81E5618F9D0F200511DAF /* Release */,
			);
			defaultConfigurationIsVisible = 0;
			defaultConfigurationName = Release;
		};
		6DF81E5718F9D0F200511DAF /* Build configuration list for PBXNativeTarget "SpaceAppIphone" */ = {
			isa = XCConfigurationList;
			buildConfigurations = (
				6DF81E5818F9D0F200511DAF /* Debug */,
				6DF81E5918F9D0F200511DAF /* Release */,
			);
			defaultConfigurationIsVisible = 0;
			defaultConfigurationName = Release;
		};
		6DF81E5A18F9D0F200511DAF /* Build configuration list for PBXNativeTarget "SpaceAppIphoneTests" */ = {
			isa = XCConfigurationList;
			buildConfigurations = (
				6DF81E5B18F9D0F200511DAF /* Debug */,
				6DF81E5C18F9D0F200511DAF /* Release */,
			);
			defaultConfigurationIsVisible = 0;
			defaultConfigurationName = Release;
		};
/* End XCConfigurationList section */
	};
	rootObject = 6DF81E1D18F9D0F200511DAF /* Project object */;
}
