// !$*UTF8*$!
{
	archiveVersion = 1;
	classes = {
	};
	objectVersion = 46;
	objects = {

/* Begin PBXBuildFile section */
		6DBA651F18FA16360053B25F /* Foundation.framework in Frameworks */ = {isa = PBXBuildFile; fileRef = 6DBA651E18FA16360053B25F /* Foundation.framework */; };
		6DBA652118FA16360053B25F /* CoreGraphics.framework in Frameworks */ = {isa = PBXBuildFile; fileRef = 6DBA652018FA16360053B25F /* CoreGraphics.framework */; };
		6DBA652318FA16360053B25F /* UIKit.framework in Frameworks */ = {isa = PBXBuildFile; fileRef = 6DBA652218FA16360053B25F /* UIKit.framework */; };
		6DBA652918FA16370053B25F /* InfoPlist.strings in Resources */ = {isa = PBXBuildFile; fileRef = 6DBA652718FA16370053B25F /* InfoPlist.strings */; };
		6DBA652B18FA16370053B25F /* main.m in Sources */ = {isa = PBXBuildFile; fileRef = 6DBA652A18FA16370053B25F /* main.m */; };
		6DBA652F18FA16370053B25F /* AppDelegate.m in Sources */ = {isa = PBXBuildFile; fileRef = 6DBA652E18FA16370053B25F /* AppDelegate.m */; };
		6DBA653218FA16370053B25F /* Main.storyboard in Resources */ = {isa = PBXBuildFile; fileRef = 6DBA653018FA16370053B25F /* Main.storyboard */; };
		6DBA653518FA16370053B25F /* ViewController.m in Sources */ = {isa = PBXBuildFile; fileRef = 6DBA653418FA16370053B25F /* ViewController.m */; };
		6DBA653718FA16370053B25F /* Images.xcassets in Resources */ = {isa = PBXBuildFile; fileRef = 6DBA653618FA16370053B25F /* Images.xcassets */; };
		6DBA653E18FA16370053B25F /* XCTest.framework in Frameworks */ = {isa = PBXBuildFile; fileRef = 6DBA653D18FA16370053B25F /* XCTest.framework */; };
		6DBA653F18FA16370053B25F /* Foundation.framework in Frameworks */ = {isa = PBXBuildFile; fileRef = 6DBA651E18FA16360053B25F /* Foundation.framework */; };
		6DBA654018FA16370053B25F /* UIKit.framework in Frameworks */ = {isa = PBXBuildFile; fileRef = 6DBA652218FA16360053B25F /* UIKit.framework */; };
		6DBA654818FA16370053B25F /* InfoPlist.strings in Resources */ = {isa = PBXBuildFile; fileRef = 6DBA654618FA16370053B25F /* InfoPlist.strings */; };
		6DBA654A18FA16370053B25F /* SpaceAppIpadTests.m in Sources */ = {isa = PBXBuildFile; fileRef = 6DBA654918FA16370053B25F /* SpaceAppIpadTests.m */; };
		6DBA655718FA18BD0053B25F /* FobosImage.m in Sources */ = {isa = PBXBuildFile; fileRef = 6DBA655618FA18BD0053B25F /* FobosImage.m */; };
		6DBA655918FA1A080053B25F /* CFNetwork.framework in Frameworks */ = {isa = PBXBuildFile; fileRef = 6DBA655818FA1A080053B25F /* CFNetwork.framework */; };
		6DBA655B18FA1A160053B25F /* SystemConfiguration.framework in Frameworks */ = {isa = PBXBuildFile; fileRef = 6DBA655A18FA1A160053B25F /* SystemConfiguration.framework */; };
		6DBA655D18FA1A270053B25F /* StoreKit.framework in Frameworks */ = {isa = PBXBuildFile; fileRef = 6DBA655C18FA1A270053B25F /* StoreKit.framework */; };
		6DBA655F18FA1A360053B25F /* Security.framework in Frameworks */ = {isa = PBXBuildFile; fileRef = 6DBA655E18FA1A360053B25F /* Security.framework */; };
		6DBA656118FA1A3D0053B25F /* QuartzCore.framework in Frameworks */ = {isa = PBXBuildFile; fileRef = 6DBA656018FA1A3D0053B25F /* QuartzCore.framework */; };
		6DBA656318FA1A4B0053B25F /* MobileCoreServices.framework in Frameworks */ = {isa = PBXBuildFile; fileRef = 6DBA656218FA1A4B0053B25F /* MobileCoreServices.framework */; };
		6DBA656518FA1A560053B25F /* AudioToolbox.framework in Frameworks */ = {isa = PBXBuildFile; fileRef = 6DBA656418FA1A560053B25F /* AudioToolbox.framework */; };
		6DBA656718FA1A6D0053B25F /* CoreLocation.framework in Frameworks */ = {isa = PBXBuildFile; fileRef = 6DBA656618FA1A6D0053B25F /* CoreLocation.framework */; };
		6DBA656918FA1AD40053B25F /* libz.dylib in Frameworks */ = {isa = PBXBuildFile; fileRef = 6DBA656818FA1AD40053B25F /* libz.dylib */; };
		6DBA656B18FA1CC90053B25F /* Parse.framework in Frameworks */ = {isa = PBXBuildFile; fileRef = 6DBA656A18FA1CC90053B25F /* Parse.framework */; };
		6DBA656F18FAA3510053B25F /* encontrado.mp3 in Resources */ = {isa = PBXBuildFile; fileRef = 6DBA656E18FAA3510053B25F /* encontrado.mp3 */; };
/* End PBXBuildFile section */

/* Begin PBXContainerItemProxy section */
		6DBA654118FA16370053B25F /* PBXContainerItemProxy */ = {
			isa = PBXContainerItemProxy;
			containerPortal = 6DBA651318FA16360053B25F /* Project object */;
			proxyType = 1;
			remoteGlobalIDString = 6DBA651A18FA16360053B25F;
			remoteInfo = SpaceAppIpad;
		};
/* End PBXContainerItemProxy section */

/* Begin PBXFileReference section */
		6DBA651B18FA16360053B25F /* SpaceAppIpad.app */ = {isa = PBXFileReference; explicitFileType = wrapper.application; includeInIndex = 0; path = SpaceAppIpad.app; sourceTree = BUILT_PRODUCTS_DIR; };
		6DBA651E18FA16360053B25F /* Foundation.framework */ = {isa = PBXFileReference; lastKnownFileType = wrapper.framework; name = Foundation.framework; path = System/Library/Frameworks/Foundation.framework; sourceTree = SDKROOT; };
		6DBA652018FA16360053B25F /* CoreGraphics.framework */ = {isa = PBXFileReference; lastKnownFileType = wrapper.framework; name = CoreGraphics.framework; path = System/Library/Frameworks/CoreGraphics.framework; sourceTree = SDKROOT; };
		6DBA652218FA16360053B25F /* UIKit.framework */ = {isa = PBXFileReference; lastKnownFileType = wrapper.framework; name = UIKit.framework; path = System/Library/Frameworks/UIKit.framework; sourceTree = SDKROOT; };
		6DBA652618FA16370053B25F /* SpaceAppIpad-Info.plist */ = {isa = PBXFileReference; lastKnownFileType = text.plist.xml; path = "SpaceAppIpad-Info.plist"; sourceTree = "<group>"; };
		6DBA652818FA16370053B25F /* en */ = {isa = PBXFileReference; lastKnownFileType = text.plist.strings; name = en; path = en.lproj/InfoPlist.strings; sourceTree = "<group>"; };
		6DBA652A18FA16370053B25F /* main.m */ = {isa = PBXFileReference; lastKnownFileType = sourcecode.c.objc; path = main.m; sourceTree = "<group>"; };
		6DBA652C18FA16370053B25F /* SpaceAppIpad-Prefix.pch */ = {isa = PBXFileReference; lastKnownFileType = sourcecode.c.h; path = "SpaceAppIpad-Prefix.pch"; sourceTree = "<group>"; };
		6DBA652D18FA16370053B25F /* AppDelegate.h */ = {isa = PBXFileReference; lastKnownFileType = sourcecode.c.h; path = AppDelegate.h; sourceTree = "<group>"; };
		6DBA652E18FA16370053B25F /* AppDelegate.m */ = {isa = PBXFileReference; lastKnownFileType = sourcecode.c.objc; path = AppDelegate.m; sourceTree = "<group>"; };
		6DBA653118FA16370053B25F /* Base */ = {isa = PBXFileReference; lastKnownFileType = file.storyboard; name = Base; path = Base.lproj/Main.storyboard; sourceTree = "<group>"; };
		6DBA653318FA16370053B25F /* ViewController.h */ = {isa = PBXFileReference; lastKnownFileType = sourcecode.c.h; path = ViewController.h; sourceTree = "<group>"; };
		6DBA653418FA16370053B25F /* ViewController.m */ = {isa = PBXFileReference; lastKnownFileType = sourcecode.c.objc; path = ViewController.m; sourceTree = "<group>"; };
		6DBA653618FA16370053B25F /* Images.xcassets */ = {isa = PBXFileReference; lastKnownFileType = folder.assetcatalog; path = Images.xcassets; sourceTree = "<group>"; };
		6DBA653C18FA16370053B25F /* SpaceAppIpadTests.xctest */ = {isa = PBXFileReference; explicitFileType = wrapper.cfbundle; includeInIndex = 0; path = SpaceAppIpadTests.xctest; sourceTree = BUILT_PRODUCTS_DIR; };
		6DBA653D18FA16370053B25F /* XCTest.framework */ = {isa = PBXFileReference; lastKnownFileType = wrapper.framework; name = XCTest.framework; path = Library/Frameworks/XCTest.framework; sourceTree = DEVELOPER_DIR; };
		6DBA654518FA16370053B25F /* SpaceAppIpadTests-Info.plist */ = {isa = PBXFileReference; lastKnownFileType = text.plist.xml; path = "SpaceAppIpadTests-Info.plist"; sourceTree = "<group>"; };
		6DBA654718FA16370053B25F /* en */ = {isa = PBXFileReference; lastKnownFileType = text.plist.strings; name = en; path = en.lproj/InfoPlist.strings; sourceTree = "<group>"; };
		6DBA654918FA16370053B25F /* SpaceAppIpadTests.m */ = {isa = PBXFileReference; lastKnownFileType = sourcecode.c.objc; path = SpaceAppIpadTests.m; sourceTree = "<group>"; };
		6DBA655518FA18BD0053B25F /* FobosImage.h */ = {isa = PBXFileReference; fileEncoding = 4; lastKnownFileType = sourcecode.c.h; path = FobosImage.h; sourceTree = "<group>"; };
		6DBA655618FA18BD0053B25F /* FobosImage.m */ = {isa = PBXFileReference; fileEncoding = 4; lastKnownFileType = sourcecode.c.objc; path = FobosImage.m; sourceTree = "<group>"; };
		6DBA655818FA1A080053B25F /* CFNetwork.framework */ = {isa = PBXFileReference; lastKnownFileType = wrapper.framework; name = CFNetwork.framework; path = System/Library/Frameworks/CFNetwork.framework; sourceTree = SDKROOT; };
		6DBA655A18FA1A160053B25F /* SystemConfiguration.framework */ = {isa = PBXFileReference; lastKnownFileType = wrapper.framework; name = SystemConfiguration.framework; path = System/Library/Frameworks/SystemConfiguration.framework; sourceTree = SDKROOT; };
		6DBA655C18FA1A270053B25F /* StoreKit.framework */ = {isa = PBXFileReference; lastKnownFileType = wrapper.framework; name = StoreKit.framework; path = System/Library/Frameworks/StoreKit.framework; sourceTree = SDKROOT; };
		6DBA655E18FA1A360053B25F /* Security.framework */ = {isa = PBXFileReference; lastKnownFileType = wrapper.framework; name = Security.framework; path = System/Library/Frameworks/Security.framework; sourceTree = SDKROOT; };
		6DBA656018FA1A3D0053B25F /* QuartzCore.framework */ = {isa = PBXFileReference; lastKnownFileType = wrapper.framework; name = QuartzCore.framework; path = System/Library/Frameworks/QuartzCore.framework; sourceTree = SDKROOT; };
		6DBA656218FA1A4B0053B25F /* MobileCoreServices.framework */ = {isa = PBXFileReference; lastKnownFileType = wrapper.framework; name = MobileCoreServices.framework; path = System/Library/Frameworks/MobileCoreServices.framework; sourceTree = SDKROOT; };
		6DBA656418FA1A560053B25F /* AudioToolbox.framework */ = {isa = PBXFileReference; lastKnownFileType = wrapper.framework; name = AudioToolbox.framework; path = System/Library/Frameworks/AudioToolbox.framework; sourceTree = SDKROOT; };
		6DBA656618FA1A6D0053B25F /* CoreLocation.framework */ = {isa = PBXFileReference; lastKnownFileType = wrapper.framework; name = CoreLocation.framework; path = System/Library/Frameworks/CoreLocation.framework; sourceTree = SDKROOT; };
		6DBA656818FA1AD40053B25F /* libz.dylib */ = {isa = PBXFileReference; lastKnownFileType = "compiled.mach-o.dylib"; name = libz.dylib; path = usr/lib/libz.dylib; sourceTree = SDKROOT; };
		6DBA656A18FA1CC90053B25F /* Parse.framework */ = {isa = PBXFileReference; lastKnownFileType = wrapper.framework; path = Parse.framework; sourceTree = "<group>"; };
		6DBA656E18FAA3510053B25F /* encontrado.mp3 */ = {isa = PBXFileReference; lastKnownFileType = audio.mp3; path = encontrado.mp3; sourceTree = "<group>"; };
/* End PBXFileReference section */

/* Begin PBXFrameworksBuildPhase section */
		6DBA651818FA16360053B25F /* Frameworks */ = {
			isa = PBXFrameworksBuildPhase;
			buildActionMask = 2147483647;
			files = (
				6DBA656918FA1AD40053B25F /* libz.dylib in Frameworks */,
				6DBA656718FA1A6D0053B25F /* CoreLocation.framework in Frameworks */,
				6DBA652118FA16360053B25F /* CoreGraphics.framework in Frameworks */,
				6DBA656518FA1A560053B25F /* AudioToolbox.framework in Frameworks */,
				6DBA656318FA1A4B0053B25F /* MobileCoreServices.framework in Frameworks */,
				6DBA656118FA1A3D0053B25F /* QuartzCore.framework in Frameworks */,
				6DBA656B18FA1CC90053B25F /* Parse.framework in Frameworks */,
				6DBA655F18FA1A360053B25F /* Security.framework in Frameworks */,
				6DBA655D18FA1A270053B25F /* StoreKit.framework in Frameworks */,
				6DBA655B18FA1A160053B25F /* SystemConfiguration.framework in Frameworks */,
				6DBA655918FA1A080053B25F /* CFNetwork.framework in Frameworks */,
				6DBA652318FA16360053B25F /* UIKit.framework in Frameworks */,
				6DBA651F18FA16360053B25F /* Foundation.framework in Frameworks */,
			);
			runOnlyForDeploymentPostprocessing = 0;
		};
		6DBA653918FA16370053B25F /* Frameworks */ = {
			isa = PBXFrameworksBuildPhase;
			buildActionMask = 2147483647;
			files = (
				6DBA653E18FA16370053B25F /* XCTest.framework in Frameworks */,
				6DBA654018FA16370053B25F /* UIKit.framework in Frameworks */,
				6DBA653F18FA16370053B25F /* Foundation.framework in Frameworks */,
			);
			runOnlyForDeploymentPostprocessing = 0;
		};
/* End PBXFrameworksBuildPhase section */

/* Begin PBXGroup section */
		6DBA651218FA16360053B25F = {
			isa = PBXGroup;
			children = (
				6DBA652418FA16360053B25F /* SpaceAppIpad */,
				6DBA654318FA16370053B25F /* SpaceAppIpadTests */,
				6DBA651D18FA16360053B25F /* Frameworks */,
				6DBA651C18FA16360053B25F /* Products */,
			);
			sourceTree = "<group>";
		};
		6DBA651C18FA16360053B25F /* Products */ = {
			isa = PBXGroup;
			children = (
				6DBA651B18FA16360053B25F /* SpaceAppIpad.app */,
				6DBA653C18FA16370053B25F /* SpaceAppIpadTests.xctest */,
			);
			name = Products;
			sourceTree = "<group>";
		};
		6DBA651D18FA16360053B25F /* Frameworks */ = {
			isa = PBXGroup;
			children = (
				6DBA656A18FA1CC90053B25F /* Parse.framework */,
				6DBA656818FA1AD40053B25F /* libz.dylib */,
				6DBA656618FA1A6D0053B25F /* CoreLocation.framework */,
				6DBA656418FA1A560053B25F /* AudioToolbox.framework */,
				6DBA656218FA1A4B0053B25F /* MobileCoreServices.framework */,
				6DBA656018FA1A3D0053B25F /* QuartzCore.framework */,
				6DBA655E18FA1A360053B25F /* Security.framework */,
				6DBA655C18FA1A270053B25F /* StoreKit.framework */,
				6DBA655A18FA1A160053B25F /* SystemConfiguration.framework */,
				6DBA655818FA1A080053B25F /* CFNetwork.framework */,
				6DBA651E18FA16360053B25F /* Foundation.framework */,
				6DBA652018FA16360053B25F /* CoreGraphics.framework */,
				6DBA652218FA16360053B25F /* UIKit.framework */,
				6DBA653D18FA16370053B25F /* XCTest.framework */,
			);
			name = Frameworks;
			sourceTree = "<group>";
		};
		6DBA652418FA16360053B25F /* SpaceAppIpad */ = {
			isa = PBXGroup;
			children = (
				6DBA656E18FAA3510053B25F /* encontrado.mp3 */,
				6DBA652D18FA16370053B25F /* AppDelegate.h */,
				6DBA652E18FA16370053B25F /* AppDelegate.m */,
				6DBA653018FA16370053B25F /* Main.storyboard */,
				6DBA653318FA16370053B25F /* ViewController.h */,
				6DBA653418FA16370053B25F /* ViewController.m */,
				6DBA653618FA16370053B25F /* Images.xcassets */,
				6DBA652518FA16370053B25F /* Supporting Files */,
				6DBA655518FA18BD0053B25F /* FobosImage.h */,
				6DBA655618FA18BD0053B25F /* FobosImage.m */,
			);
			path = SpaceAppIpad;
			sourceTree = "<group>";
		};
		6DBA652518FA16370053B25F /* Supporting Files */ = {
			isa = PBXGroup;
			children = (
				6DBA652618FA16370053B25F /* SpaceAppIpad-Info.plist */,
				6DBA652718FA16370053B25F /* InfoPlist.strings */,
				6DBA652A18FA16370053B25F /* main.m */,
				6DBA652C18FA16370053B25F /* SpaceAppIpad-Prefix.pch */,
			);
			name = "Supporting Files";
			sourceTree = "<group>";
		};
		6DBA654318FA16370053B25F /* SpaceAppIpadTests */ = {
			isa = PBXGroup;
			children = (
				6DBA654918FA16370053B25F /* SpaceAppIpadTests.m */,
				6DBA654418FA16370053B25F /* Supporting Files */,
			);
			path = SpaceAppIpadTests;
			sourceTree = "<group>";
		};
		6DBA654418FA16370053B25F /* Supporting Files */ = {
			isa = PBXGroup;
			children = (
				6DBA654518FA16370053B25F /* SpaceAppIpadTests-Info.plist */,
				6DBA654618FA16370053B25F /* InfoPlist.strings */,
			);
			name = "Supporting Files";
			sourceTree = "<group>";
		};
/* End PBXGroup section */

/* Begin PBXNativeTarget section */
		6DBA651A18FA16360053B25F /* SpaceAppIpad */ = {
			isa = PBXNativeTarget;
			buildConfigurationList = 6DBA654D18FA16370053B25F /* Build configuration list for PBXNativeTarget "SpaceAppIpad" */;
			buildPhases = (
				6DBA651718FA16360053B25F /* Sources */,
				6DBA651818FA16360053B25F /* Frameworks */,
				6DBA651918FA16360053B25F /* Resources */,
			);
			buildRules = (
			);
			dependencies = (
			);
			name = SpaceAppIpad;
			productName = SpaceAppIpad;
			productReference = 6DBA651B18FA16360053B25F /* SpaceAppIpad.app */;
			productType = "com.apple.product-type.application";
		};
		6DBA653B18FA16370053B25F /* SpaceAppIpadTests */ = {
			isa = PBXNativeTarget;
			buildConfigurationList = 6DBA655018FA16370053B25F /* Build configuration list for PBXNativeTarget "SpaceAppIpadTests" */;
			buildPhases = (
				6DBA653818FA16370053B25F /* Sources */,
				6DBA653918FA16370053B25F /* Frameworks */,
				6DBA653A18FA16370053B25F /* Resources */,
			);
			buildRules = (
			);
			dependencies = (
				6DBA654218FA16370053B25F /* PBXTargetDependency */,
			);
			name = SpaceAppIpadTests;
			productName = SpaceAppIpadTests;
			productReference = 6DBA653C18FA16370053B25F /* SpaceAppIpadTests.xctest */;
			productType = "com.apple.product-type.bundle.unit-test";
		};
/* End PBXNativeTarget section */

/* Begin PBXProject section */
		6DBA651318FA16360053B25F /* Project object */ = {
			isa = PBXProject;
			attributes = {
				LastUpgradeCheck = 0510;
				ORGANIZATIONNAME = "Luis Fernando Bustos Ramírez";
				TargetAttributes = {
					6DBA651A18FA16360053B25F = {
						DevelopmentTeam = ZH8J3URVA7;
					};
					6DBA653B18FA16370053B25F = {
						TestTargetID = 6DBA651A18FA16360053B25F;
					};
				};
			};
			buildConfigurationList = 6DBA651618FA16360053B25F /* Build configuration list for PBXProject "SpaceAppIpad" */;
			compatibilityVersion = "Xcode 3.2";
			developmentRegion = English;
			hasScannedForEncodings = 0;
			knownRegions = (
				en,
				Base,
			);
			mainGroup = 6DBA651218FA16360053B25F;
			productRefGroup = 6DBA651C18FA16360053B25F /* Products */;
			projectDirPath = "";
			projectRoot = "";
			targets = (
				6DBA651A18FA16360053B25F /* SpaceAppIpad */,
				6DBA653B18FA16370053B25F /* SpaceAppIpadTests */,
			);
		};
/* End PBXProject section */

/* Begin PBXResourcesBuildPhase section */
		6DBA651918FA16360053B25F /* Resources */ = {
			isa = PBXResourcesBuildPhase;
			buildActionMask = 2147483647;
			files = (
				6DBA653718FA16370053B25F /* Images.xcassets in Resources */,
				6DBA656F18FAA3510053B25F /* encontrado.mp3 in Resources */,
				6DBA652918FA16370053B25F /* InfoPlist.strings in Resources */,
				6DBA653218FA16370053B25F /* Main.storyboard in Resources */,
			);
			runOnlyForDeploymentPostprocessing = 0;
		};
		6DBA653A18FA16370053B25F /* Resources */ = {
			isa = PBXResourcesBuildPhase;
			buildActionMask = 2147483647;
			files = (
				6DBA654818FA16370053B25F /* InfoPlist.strings in Resources */,
			);
			runOnlyForDeploymentPostprocessing = 0;
		};
/* End PBXResourcesBuildPhase section */

/* Begin PBXSourcesBuildPhase section */
		6DBA651718FA16360053B25F /* Sources */ = {
			isa = PBXSourcesBuildPhase;
			buildActionMask = 2147483647;
			files = (
				6DBA653518FA16370053B25F /* ViewController.m in Sources */,
				6DBA652F18FA16370053B25F /* AppDelegate.m in Sources */,
				6DBA652B18FA16370053B25F /* main.m in Sources */,
				6DBA655718FA18BD0053B25F /* FobosImage.m in Sources */,
			);
			runOnlyForDeploymentPostprocessing = 0;
		};
		6DBA653818FA16370053B25F /* Sources */ = {
			isa = PBXSourcesBuildPhase;
			buildActionMask = 2147483647;
			files = (
				6DBA654A18FA16370053B25F /* SpaceAppIpadTests.m in Sources */,
			);
			runOnlyForDeploymentPostprocessing = 0;
		};
/* End PBXSourcesBuildPhase section */

/* Begin PBXTargetDependency section */
		6DBA654218FA16370053B25F /* PBXTargetDependency */ = {
			isa = PBXTargetDependency;
			target = 6DBA651A18FA16360053B25F /* SpaceAppIpad */;
			targetProxy = 6DBA654118FA16370053B25F /* PBXContainerItemProxy */;
		};
/* End PBXTargetDependency section */

/* Begin PBXVariantGroup section */
		6DBA652718FA16370053B25F /* InfoPlist.strings */ = {
			isa = PBXVariantGroup;
			children = (
				6DBA652818FA16370053B25F /* en */,
			);
			name = InfoPlist.strings;
			sourceTree = "<group>";
		};
		6DBA653018FA16370053B25F /* Main.storyboard */ = {
			isa = PBXVariantGroup;
			children = (
				6DBA653118FA16370053B25F /* Base */,
			);
			name = Main.storyboard;
			sourceTree = "<group>";
		};
		6DBA654618FA16370053B25F /* InfoPlist.strings */ = {
			isa = PBXVariantGroup;
			children = (
				6DBA654718FA16370053B25F /* en */,
			);
			name = InfoPlist.strings;
			sourceTree = "<group>";
		};
/* End PBXVariantGroup section */

/* Begin XCBuildConfiguration section */
		6DBA654B18FA16370053B25F /* Debug */ = {
			isa = XCBuildConfiguration;
			buildSettings = {
				ALWAYS_SEARCH_USER_PATHS = NO;
				CLANG_CXX_LANGUAGE_STANDARD = "gnu++0x";
				CLANG_CXX_LIBRARY = "libc++";
				CLANG_ENABLE_MODULES = YES;
				CLANG_ENABLE_OBJC_ARC = YES;
				CLANG_WARN_BOOL_CONVERSION = YES;
				CLANG_WARN_CONSTANT_CONVERSION = YES;
				CLANG_WARN_DIRECT_OBJC_ISA_USAGE = YES_ERROR;
				CLANG_WARN_EMPTY_BODY = YES;
				CLANG_WARN_ENUM_CONVERSION = YES;
				CLANG_WARN_INT_CONVERSION = YES;
				CLANG_WARN_OBJC_ROOT_CLASS = YES_ERROR;
				CLANG_WARN__DUPLICATE_METHOD_MATCH = YES;
				"CODE_SIGN_IDENTITY[sdk=iphoneos*]" = "iPhone Developer";
				COPY_PHASE_STRIP = NO;
				GCC_C_LANGUAGE_STANDARD = gnu99;
				GCC_DYNAMIC_NO_PIC = NO;
				GCC_OPTIMIZATION_LEVEL = 0;
				GCC_PREPROCESSOR_DEFINITIONS = (
					"DEBUG=1",
					"$(inherited)",
				);
				GCC_SYMBOLS_PRIVATE_EXTERN = NO;
				GCC_WARN_64_TO_32_BIT_CONVERSION = YES;
				GCC_WARN_ABOUT_RETURN_TYPE = YES_ERROR;
				GCC_WARN_UNDECLARED_SELECTOR = YES;
				GCC_WARN_UNINITIALIZED_AUTOS = YES_AGGRESSIVE;
				GCC_WARN_UNUSED_FUNCTION = YES;
				GCC_WARN_UNUSED_VARIABLE = YES;
				IPHONEOS_DEPLOYMENT_TARGET = 7.1;
				ONLY_ACTIVE_ARCH = YES;
				SDKROOT = iphoneos;
				TARGETED_DEVICE_FAMILY = 2;
			};
			name = Debug;
		};
		6DBA654C18FA16370053B25F /* Release */ = {
			isa = XCBuildConfiguration;
			buildSettings = {
				ALWAYS_SEARCH_USER_PATHS = NO;
				CLANG_CXX_LANGUAGE_STANDARD = "gnu++0x";
				CLANG_CXX_LIBRARY = "libc++";
				CLANG_ENABLE_MODULES = YES;
				CLANG_ENABLE_OBJC_ARC = YES;
				CLANG_WARN_BOOL_CONVERSION = YES;
				CLANG_WARN_CONSTANT_CONVERSION = YES;
				CLANG_WARN_DIRECT_OBJC_ISA_USAGE = YES_ERROR;
				CLANG_WARN_EMPTY_BODY = YES;
				CLANG_WARN_ENUM_CONVERSION = YES;
				CLANG_WARN_INT_CONVERSION = YES;
				CLANG_WARN_OBJC_ROOT_CLASS = YES_ERROR;
				CLANG_WARN__DUPLICATE_METHOD_MATCH = YES;
				"CODE_SIGN_IDENTITY[sdk=iphoneos*]" = "iPhone Developer";
				COPY_PHASE_STRIP = YES;
				ENABLE_NS_ASSERTIONS = NO;
				GCC_C_LANGUAGE_STANDARD = gnu99;
				GCC_WARN_64_TO_32_BIT_CONVERSION = YES;
				GCC_WARN_ABOUT_RETURN_TYPE = YES_ERROR;
				GCC_WARN_UNDECLARED_SELECTOR = YES;
				GCC_WARN_UNINITIALIZED_AUTOS = YES_AGGRESSIVE;
				GCC_WARN_UNUSED_FUNCTION = YES;
				GCC_WARN_UNUSED_VARIABLE = YES;
				IPHONEOS_DEPLOYMENT_TARGET = 7.1;
				SDKROOT = iphoneos;
				TARGETED_DEVICE_FAMILY = 2;
				VALIDATE_PRODUCT = YES;
			};
			name = Release;
		};
		6DBA654E18FA16370053B25F /* Debug */ = {
			isa = XCBuildConfiguration;
			buildSettings = {
				ASSETCATALOG_COMPILER_APPICON_NAME = AppIcon;
				ASSETCATALOG_COMPILER_LAUNCHIMAGE_NAME = LaunchImage;
				CODE_SIGN_IDENTITY = "iPhone Developer";
				FRAMEWORK_SEARCH_PATHS = (
					"$(inherited)",
					"$(PROJECT_DIR)",
				);
				GCC_PRECOMPILE_PREFIX_HEADER = YES;
				GCC_PREFIX_HEADER = "SpaceAppIpad/SpaceAppIpad-Prefix.pch";
				INFOPLIST_FILE = "SpaceAppIpad/SpaceAppIpad-Info.plist";
				IPHONEOS_DEPLOYMENT_TARGET = 7.0;
				PRODUCT_NAME = "$(TARGET_NAME)";
				WRAPPER_EXTENSION = app;
			};
			name = Debug;
		};
		6DBA654F18FA16370053B25F /* Release */ = {
			isa = XCBuildConfiguration;
			buildSettings = {
				ASSETCATALOG_COMPILER_APPICON_NAME = AppIcon;
				ASSETCATALOG_COMPILER_LAUNCHIMAGE_NAME = LaunchImage;
				CODE_SIGN_IDENTITY = "iPhone Developer";
				FRAMEWORK_SEARCH_PATHS = (
					"$(inherited)",
					"$(PROJECT_DIR)",
				);
				GCC_PRECOMPILE_PREFIX_HEADER = YES;
				GCC_PREFIX_HEADER = "SpaceAppIpad/SpaceAppIpad-Prefix.pch";
				INFOPLIST_FILE = "SpaceAppIpad/SpaceAppIpad-Info.plist";
				IPHONEOS_DEPLOYMENT_TARGET = 7.0;
				PRODUCT_NAME = "$(TARGET_NAME)";
				WRAPPER_EXTENSION = app;
			};
			name = Release;
		};
		6DBA655118FA16370053B25F /* Debug */ = {
			isa = XCBuildConfiguration;
			buildSettings = {
				BUNDLE_LOADER = "$(BUILT_PRODUCTS_DIR)/SpaceAppIpad.app/SpaceAppIpad";
				FRAMEWORK_SEARCH_PATHS = (
					"$(SDKROOT)/Developer/Library/Frameworks",
					"$(inherited)",
					"$(DEVELOPER_FRAMEWORKS_DIR)",
					"$(PROJECT_DIR)/SpaceAppIpadTests",
				);
				GCC_PRECOMPILE_PREFIX_HEADER = YES;
				GCC_PREFIX_HEADER = "SpaceAppIpad/SpaceAppIpad-Prefix.pch";
				GCC_PREPROCESSOR_DEFINITIONS = (
					"DEBUG=1",
					"$(inherited)",
				);
				INFOPLIST_FILE = "SpaceAppIpadTests/SpaceAppIpadTests-Info.plist";
				PRODUCT_NAME = "$(TARGET_NAME)";
				TEST_HOST = "$(BUNDLE_LOADER)";
				WRAPPER_EXTENSION = xctest;
			};
			name = Debug;
		};
		6DBA655218FA16370053B25F /* Release */ = {
			isa = XCBuildConfiguration;
			buildSettings = {
				BUNDLE_LOADER = "$(BUILT_PRODUCTS_DIR)/SpaceAppIpad.app/SpaceAppIpad";
				FRAMEWORK_SEARCH_PATHS = (
					"$(SDKROOT)/Developer/Library/Frameworks",
					"$(inherited)",
					"$(DEVELOPER_FRAMEWORKS_DIR)",
					"$(PROJECT_DIR)/SpaceAppIpadTests",
				);
				GCC_PRECOMPILE_PREFIX_HEADER = YES;
				GCC_PREFIX_HEADER = "SpaceAppIpad/SpaceAppIpad-Prefix.pch";
				INFOPLIST_FILE = "SpaceAppIpadTests/SpaceAppIpadTests-Info.plist";
				PRODUCT_NAME = "$(TARGET_NAME)";
				TEST_HOST = "$(BUNDLE_LOADER)";
				WRAPPER_EXTENSION = xctest;
			};
			name = Release;
		};
/* End XCBuildConfiguration section */

/* Begin XCConfigurationList section */
		6DBA651618FA16360053B25F /* Build configuration list for PBXProject "SpaceAppIpad" */ = {
			isa = XCConfigurationList;
			buildConfigurations = (
				6DBA654B18FA16370053B25F /* Debug */,
				6DBA654C18FA16370053B25F /* Release */,
			);
			defaultConfigurationIsVisible = 0;
			defaultConfigurationName = Release;
		};
		6DBA654D18FA16370053B25F /* Build configuration list for PBXNativeTarget "SpaceAppIpad" */ = {
			isa = XCConfigurationList;
			buildConfigurations = (
				6DBA654E18FA16370053B25F /* Debug */,
				6DBA654F18FA16370053B25F /* Release */,
			);
			defaultConfigurationIsVisible = 0;
		};
		6DBA655018FA16370053B25F /* Build configuration list for PBXNativeTarget "SpaceAppIpadTests" */ = {
			isa = XCConfigurationList;
			buildConfigurations = (
				6DBA655118FA16370053B25F /* Debug */,
				6DBA655218FA16370053B25F /* Release */,
			);
			defaultConfigurationIsVisible = 0;
		};
/* End XCConfigurationList section */
	};
	rootObject = 6DBA651318FA16360053B25F /* Project object */;
}
